
Microsoft Visual Studio Solution File, Format Version 12.00
# Visual Studio Version 16
VisualStudioVersion = 16.0.34601.136
MinimumVisualStudioVersion = 10.0.40219.1
Project("{FAE04EC0-301F-11D3-BF4B-00C04F79EFBC}") = "Graphics-Train-Project", "Graphics-Train-Project.csproj", "{CE78D7AB-A326-4A22-A12D-A2F9DEA4CF94}"
EndProject
Global
	GlobalSection(SolutionConfigurationPlatforms) = preSolution
		Debug|Any CPU = Debug|Any CPU
		Release|Any CPU = Release|Any CPU
	EndGlobalSection
	GlobalSection(ProjectConfigurationPlatforms) = postSolution
		{CE78D7AB-A326-4A22-A12D-A2F9DEA4CF94}.Debug|Any CPU.ActiveCfg = Debug|Any CPU
		{CE78D7AB-A326-4A22-A12D-A2F9DEA4CF94}.Debug|Any CPU.Build.0 = Debug|Any CPU
		{CE78D7AB-A326-4A22-A12D-A2F9DEA4CF94}.Release|Any CPU.ActiveCfg = Release|Any CPU
		{CE78D7AB-A326-4A22-A12D-A2F9DEA4CF94}.Release|Any CPU.Build.0 = Release|Any CPU
	EndGlobalSection
	GlobalSection(SolutionProperties) = preSolution
		HideSolutionNode = FALSE
	EndGlobalSection
	GlobalSection(ExtensibilityGlobals) = postSolution
		SolutionGuid = {425FA627-CFC6-4DBF-B675-7A296AE5D75C}
	EndGlobalSection
EndGlobal
